
Microsoft Visual Studio Solution File, Format Version 12.00
Project("{FAE04EC0-301F-11D3-BF4B-00C04F79EFBC}") = "Presentation", "Presentation\Presentation.csproj", "{60FE1009-3A8E-4B0C-9B2C-CF20144BD3B9}"
EndProject
Project("{2150E333-8FDC-42A3-9474-1A3956D46DE8}") = "src", "src", "{FF6E2D8A-9F1B-40ED-ABFE-6222F2BD1525}"
EndProject
Project("{FAE04EC0-301F-11D3-BF4B-00C04F79EFBC}") = "Application", "Application\Application.csproj", "{330D2665-9438-439A-8464-3373CDB60B01}"
EndProject
Project("{FAE04EC0-301F-11D3-BF4B-00C04F79EFBC}") = "Domain", "Domain\Domain.csproj", "{1C37FC79-F020-4631-9287-D2B5387B7FD3}"
EndProject
Project("{FAE04EC0-301F-11D3-BF4B-00C04F79EFBC}") = "Infrastructure", "Infrastructure\Infrastructure.csproj", "{62A8A85B-D6C9-467A-BB43-2974D2F7F878}"
EndProject
Project("{2150E333-8FDC-42A3-9474-1A3956D46DE8}") = "tests", "tests", "{F931813A-AD01-4060-AB72-9CA847EB2DBB}"
EndProject
Project("{FAE04EC0-301F-11D3-BF4B-00C04F79EFBC}") = "Application.Tests", "Application.Tests\Application.Tests.csproj", "{A843CD89-2DA2-4581-AB0D-EA6F94DCA4FD}"
EndProject
Global
	GlobalSection(SolutionConfigurationPlatforms) = preSolution
		Debug|Any CPU = Debug|Any CPU
		Release|Any CPU = Release|Any CPU
	EndGlobalSection
	GlobalSection(ProjectConfigurationPlatforms) = postSolution
		{60FE1009-3A8E-4B0C-9B2C-CF20144BD3B9}.Debug|Any CPU.ActiveCfg = Debug|Any CPU
		{60FE1009-3A8E-4B0C-9B2C-CF20144BD3B9}.Debug|Any CPU.Build.0 = Debug|Any CPU
		{60FE1009-3A8E-4B0C-9B2C-CF20144BD3B9}.Release|Any CPU.ActiveCfg = Release|Any CPU
		{60FE1009-3A8E-4B0C-9B2C-CF20144BD3B9}.Release|Any CPU.Build.0 = Release|Any CPU
		{330D2665-9438-439A-8464-3373CDB60B01}.Debug|Any CPU.ActiveCfg = Debug|Any CPU
		{330D2665-9438-439A-8464-3373CDB60B01}.Debug|Any CPU.Build.0 = Debug|Any CPU
		{330D2665-9438-439A-8464-3373CDB60B01}.Release|Any CPU.ActiveCfg = Release|Any CPU
		{330D2665-9438-439A-8464-3373CDB60B01}.Release|Any CPU.Build.0 = Release|Any CPU
		{1C37FC79-F020-4631-9287-D2B5387B7FD3}.Debug|Any CPU.ActiveCfg = Debug|Any CPU
		{1C37FC79-F020-4631-9287-D2B5387B7FD3}.Debug|Any CPU.Build.0 = Debug|Any CPU
		{1C37FC79-F020-4631-9287-D2B5387B7FD3}.Release|Any CPU.ActiveCfg = Release|Any CPU
		{1C37FC79-F020-4631-9287-D2B5387B7FD3}.Release|Any CPU.Build.0 = Release|Any CPU
		{62A8A85B-D6C9-467A-BB43-2974D2F7F878}.Debug|Any CPU.ActiveCfg = Debug|Any CPU
		{62A8A85B-D6C9-467A-BB43-2974D2F7F878}.Debug|Any CPU.Build.0 = Debug|Any CPU
		{62A8A85B-D6C9-467A-BB43-2974D2F7F878}.Release|Any CPU.ActiveCfg = Release|Any CPU
		{62A8A85B-D6C9-467A-BB43-2974D2F7F878}.Release|Any CPU.Build.0 = Release|Any CPU
		{A843CD89-2DA2-4581-AB0D-EA6F94DCA4FD}.Debug|Any CPU.ActiveCfg = Debug|Any CPU
		{A843CD89-2DA2-4581-AB0D-EA6F94DCA4FD}.Debug|Any CPU.Build.0 = Debug|Any CPU
		{A843CD89-2DA2-4581-AB0D-EA6F94DCA4FD}.Release|Any CPU.ActiveCfg = Release|Any CPU
		{A843CD89-2DA2-4581-AB0D-EA6F94DCA4FD}.Release|Any CPU.Build.0 = Release|Any CPU
	EndGlobalSection
	GlobalSection(NestedProjects) = preSolution
		{60FE1009-3A8E-4B0C-9B2C-CF20144BD3B9} = {FF6E2D8A-9F1B-40ED-ABFE-6222F2BD1525}
		{330D2665-9438-439A-8464-3373CDB60B01} = {FF6E2D8A-9F1B-40ED-ABFE-6222F2BD1525}
		{1C37FC79-F020-4631-9287-D2B5387B7FD3} = {FF6E2D8A-9F1B-40ED-ABFE-6222F2BD1525}
		{62A8A85B-D6C9-467A-BB43-2974D2F7F878} = {FF6E2D8A-9F1B-40ED-ABFE-6222F2BD1525}
		{A843CD89-2DA2-4581-AB0D-EA6F94DCA4FD} = {F931813A-AD01-4060-AB72-9CA847EB2DBB}
	EndGlobalSection
EndGlobal
